
Microsoft Visual Studio Solution File, Format Version 12.00
# Visual Studio Version 16
VisualStudioVersion = 16.0.31424.327
MinimumVisualStudioVersion = 10.0.40219.1
Project("{FAE04EC0-301F-11D3-BF4B-00C04F79EFBC}") = "FINAL PROJECT", "OOPFINAL\FINAL PROJECT.csproj", "{5BE87858-21DD-4787-9C6C-060468D12BC4}"
EndProject
Global
	GlobalSection(SolutionConfigurationPlatforms) = preSolution
		Debug|Any CPU = Debug|Any CPU
		Release|Any CPU = Release|Any CPU
	EndGlobalSection
	GlobalSection(ProjectConfigurationPlatforms) = postSolution
		{5BE87858-21DD-4787-9C6C-060468D12BC4}.Debug|Any CPU.ActiveCfg = Debug|Any CPU
		{5BE87858-21DD-4787-9C6C-060468D12BC4}.Debug|Any CPU.Build.0 = Debug|Any CPU
		{5BE87858-21DD-4787-9C6C-060468D12BC4}.Release|Any CPU.ActiveCfg = Release|Any CPU
		{5BE87858-21DD-4787-9C6C-060468D12BC4}.Release|Any CPU.Build.0 = Release|Any CPU
	EndGlobalSection
	GlobalSection(SolutionProperties) = preSolution
		HideSolutionNode = FALSE
	EndGlobalSection
	GlobalSection(ExtensibilityGlobals) = postSolution
		SolutionGuid = {5D02AA5F-8184-4A34-AD57-A8E5B704584A}
	EndGlobalSection
EndGlobal
